
Microsoft Visual Studio Solution File, Format Version 12.00
# Visual Studio 15
Project("{FAE04EC0-301F-11D3-BF4B-00C04F79EFBC}") = "Assembly-CSharp", "Assembly-CSharp.csproj", "{14344A40-5F00-F941-D5EC-9DDC3D2487FD}"
EndProject
Global
	GlobalSection(SolutionConfigurationPlatforms) = preSolution
		Debug|Any CPU = Debug|Any CPU
		Release|Any CPU = Release|Any CPU
	EndGlobalSection
	GlobalSection(ProjectConfigurationPlatforms) = postSolution
		{14344A40-5F00-F941-D5EC-9DDC3D2487FD}.Debug|Any CPU.ActiveCfg = Debug|Any CPU
		{14344A40-5F00-F941-D5EC-9DDC3D2487FD}.Debug|Any CPU.Build.0 = Debug|Any CPU
		{14344A40-5F00-F941-D5EC-9DDC3D2487FD}.Release|Any CPU.ActiveCfg = Release|Any CPU
		{14344A40-5F00-F941-D5EC-9DDC3D2487FD}.Release|Any CPU.Build.0 = Release|Any CPU
	EndGlobalSection
	GlobalSection(SolutionProperties) = preSolution
		HideSolutionNode = FALSE
	EndGlobalSection
EndGlobal
